
Microsoft Visual Studio Solution File, Format Version 12.00
# Visual Studio 15
VisualStudioVersion = 15.0.27428.2037
MinimumVisualStudioVersion = 10.0.40219.1
Project("{8BC9CEB8-8B4A-11D0-8D11-00A0C91BC942}") = "Median Sorted Arrays", "Median Sorted Arrays\Median Sorted Arrays.vcxproj", "{53984F02-E2B7-4771-B0A9-A95BBD9F5B3F}"
EndProject
Global
	GlobalSection(SolutionConfigurationPlatforms) = preSolution
		Debug|x64 = Debug|x64
		Debug|x86 = Debug|x86
		Release|x64 = Release|x64
		Release|x86 = Release|x86
	EndGlobalSection
	GlobalSection(ProjectConfigurationPlatforms) = postSolution
		{53984F02-E2B7-4771-B0A9-A95BBD9F5B3F}.Debug|x64.ActiveCfg = Debug|x64
		{53984F02-E2B7-4771-B0A9-A95BBD9F5B3F}.Debug|x64.Build.0 = Debug|x64
		{53984F02-E2B7-4771-B0A9-A95BBD9F5B3F}.Debug|x86.ActiveCfg = Debug|Win32
		{53984F02-E2B7-4771-B0A9-A95BBD9F5B3F}.Debug|x86.Build.0 = Debug|Win32
		{53984F02-E2B7-4771-B0A9-A95BBD9F5B3F}.Release|x64.ActiveCfg = Release|x64
		{53984F02-E2B7-4771-B0A9-A95BBD9F5B3F}.Release|x64.Build.0 = Release|x64
		{53984F02-E2B7-4771-B0A9-A95BBD9F5B3F}.Release|x86.ActiveCfg = Release|Win32
		{53984F02-E2B7-4771-B0A9-A95BBD9F5B3F}.Release|x86.Build.0 = Release|Win32
	EndGlobalSection
	GlobalSection(SolutionProperties) = preSolution
		HideSolutionNode = FALSE
	EndGlobalSection
	GlobalSection(ExtensibilityGlobals) = postSolution
		SolutionGuid = {C5329AF7-93D3-4792-973A-972193CC48D4}
	EndGlobalSection
EndGlobal
